// !$*UTF8*$!
{
	archiveVersion = 1;
	classes = {
	};
	objectVersion = 46;
	objects = {

/* Begin PBXBuildFile section */
		6A902B961C84BDEE001ABE7D /* AppDelegate.swift in Sources */ = {isa = PBXBuildFile; fileRef = 6A902B951C84BDEE001ABE7D /* AppDelegate.swift */; };
		6A902B981C84BDEE001ABE7D /* ViewController.swift in Sources */ = {isa = PBXBuildFile; fileRef = 6A902B971C84BDEE001ABE7D /* ViewController.swift */; };
		6A902B9A1C84BDEE001ABE7D /* Assets.xcassets in Resources */ = {isa = PBXBuildFile; fileRef = 6A902B991C84BDEE001ABE7D /* Assets.xcassets */; };
		6A902B9D1C84BDEF001ABE7D /* Main.storyboard in Resources */ = {isa = PBXBuildFile; fileRef = 6A902B9B1C84BDEF001ABE7D /* Main.storyboard */; };
		6A902BA81C84BDEF001ABE7D /* swiftcalcTests.swift in Sources */ = {isa = PBXBuildFile; fileRef = 6A902BA71C84BDEF001ABE7D /* swiftcalcTests.swift */; };
		6A902BB31C84BDEF001ABE7D /* swiftcalcUITests.swift in Sources */ = {isa = PBXBuildFile; fileRef = 6A902BB21C84BDEF001ABE7D /* swiftcalcUITests.swift */; };
/* End PBXBuildFile section */

/* Begin PBXContainerItemProxy section */
		6A902BA41C84BDEF001ABE7D /* PBXContainerItemProxy */ = {
			isa = PBXContainerItemProxy;
			containerPortal = 6A902B8A1C84BDEE001ABE7D /* Project object */;
			proxyType = 1;
			remoteGlobalIDString = 6A902B911C84BDEE001ABE7D;
			remoteInfo = swiftcalc;
		};
		6A902BAF1C84BDEF001ABE7D /* PBXContainerItemProxy */ = {
			isa = PBXContainerItemProxy;
			containerPortal = 6A902B8A1C84BDEE001ABE7D /* Project object */;
			proxyType = 1;
			remoteGlobalIDString = 6A902B911C84BDEE001ABE7D;
			remoteInfo = swiftcalc;
		};
/* End PBXContainerItemProxy section */

/* Begin PBXFileReference section */
		6A902B921C84BDEE001ABE7D /* swiftcalc.app */ = {isa = PBXFileReference; explicitFileType = wrapper.application; includeInIndex = 0; path = swiftcalc.app; sourceTree = BUILT_PRODUCTS_DIR; };
		6A902B951C84BDEE001ABE7D /* AppDelegate.swift */ = {isa = PBXFileReference; lastKnownFileType = sourcecode.swift; path = AppDelegate.swift; sourceTree = "<group>"; };
		6A902B971C84BDEE001ABE7D /* ViewController.swift */ = {isa = PBXFileReference; lastKnownFileType = sourcecode.swift; path = ViewController.swift; sourceTree = "<group>"; };
		6A902B991C84BDEE001ABE7D /* Assets.xcassets */ = {isa = PBXFileReference; lastKnownFileType = folder.assetcatalog; path = Assets.xcassets; sourceTree = "<group>"; };
		6A902B9C1C84BDEF001ABE7D /* Base */ = {isa = PBXFileReference; lastKnownFileType = file.storyboard; name = Base; path = Base.lproj/Main.storyboard; sourceTree = "<group>"; };
		6A902B9E1C84BDEF001ABE7D /* Info.plist */ = {isa = PBXFileReference; lastKnownFileType = text.plist.xml; path = Info.plist; sourceTree = "<group>"; };
		6A902BA31C84BDEF001ABE7D /* swiftcalcTests.xctest */ = {isa = PBXFileReference; explicitFileType = wrapper.cfbundle; includeInIndex = 0; path = swiftcalcTests.xctest; sourceTree = BUILT_PRODUCTS_DIR; };
		6A902BA71C84BDEF001ABE7D /* swiftcalcTests.swift */ = {isa = PBXFileReference; lastKnownFileType = sourcecode.swift; path = swiftcalcTests.swift; sourceTree = "<group>"; };
		6A902BA91C84BDEF001ABE7D /* Info.plist */ = {isa = PBXFileReference; lastKnownFileType = text.plist.xml; path = Info.plist; sourceTree = "<group>"; };
		6A902BAE1C84BDEF001ABE7D /* swiftcalcUITests.xctest */ = {isa = PBXFileReference; explicitFileType = wrapper.cfbundle; includeInIndex = 0; path = swiftcalcUITests.xctest; sourceTree = BUILT_PRODUCTS_DIR; };
		6A902BB21C84BDEF001ABE7D /* swiftcalcUITests.swift */ = {isa = PBXFileReference; lastKnownFileType = sourcecode.swift; path = swiftcalcUITests.swift; sourceTree = "<group>"; };
		6A902BB41C84BDEF001ABE7D /* Info.plist */ = {isa = PBXFileReference; lastKnownFileType = text.plist.xml; path = Info.plist; sourceTree = "<group>"; };
/* End PBXFileReference section */

/* Begin PBXFrameworksBuildPhase section */
		6A902B8F1C84BDEE001ABE7D /* Frameworks */ = {
			isa = PBXFrameworksBuildPhase;
			buildActionMask = 2147483647;
			files = (
			);
			runOnlyForDeploymentPostprocessing = 0;
		};
		6A902BA01C84BDEF001ABE7D /* Frameworks */ = {
			isa = PBXFrameworksBuildPhase;
			buildActionMask = 2147483647;
			files = (
			);
			runOnlyForDeploymentPostprocessing = 0;
		};
		6A902BAB1C84BDEF001ABE7D /* Frameworks */ = {
			isa = PBXFrameworksBuildPhase;
			buildActionMask = 2147483647;
			files = (
			);
			runOnlyForDeploymentPostprocessing = 0;
		};
/* End PBXFrameworksBuildPhase section */

/* Begin PBXGroup section */
		6A902B891C84BDEE001ABE7D = {
			isa = PBXGroup;
			children = (
				6A902B941C84BDEE001ABE7D /* swiftcalc */,
				6A902BA61C84BDEF001ABE7D /* swiftcalcTests */,
				6A902BB11C84BDEF001ABE7D /* swiftcalcUITests */,
				6A902B931C84BDEE001ABE7D /* Products */,
			);
			sourceTree = "<group>";
		};
		6A902B931C84BDEE001ABE7D /* Products */ = {
			isa = PBXGroup;
			children = (
				6A902B921C84BDEE001ABE7D /* swiftcalc.app */,
				6A902BA31C84BDEF001ABE7D /* swiftcalcTests.xctest */,
				6A902BAE1C84BDEF001ABE7D /* swiftcalcUITests.xctest */,
			);
			name = Products;
			sourceTree = "<group>";
		};
		6A902B941C84BDEE001ABE7D /* swiftcalc */ = {
			isa = PBXGroup;
			children = (
				6A902B951C84BDEE001ABE7D /* AppDelegate.swift */,
				6A902B971C84BDEE001ABE7D /* ViewController.swift */,
				6A902B991C84BDEE001ABE7D /* Assets.xcassets */,
				6A902B9B1C84BDEF001ABE7D /* Main.storyboard */,
				6A902B9E1C84BDEF001ABE7D /* Info.plist */,
			);
			path = swiftcalc;
			sourceTree = "<group>";
		};
		6A902BA61C84BDEF001ABE7D /* swiftcalcTests */ = {
			isa = PBXGroup;
			children = (
				6A902BA71C84BDEF001ABE7D /* swiftcalcTests.swift */,
				6A902BA91C84BDEF001ABE7D /* Info.plist */,
			);
			path = swiftcalcTests;
			sourceTree = "<group>";
		};
		6A902BB11C84BDEF001ABE7D /* swiftcalcUITests */ = {
			isa = PBXGroup;
			children = (
				6A902BB21C84BDEF001ABE7D /* swiftcalcUITests.swift */,
				6A902BB41C84BDEF001ABE7D /* Info.plist */,
			);
			path = swiftcalcUITests;
			sourceTree = "<group>";
		};
/* End PBXGroup section */

/* Begin PBXNativeTarget section */
		6A902B911C84BDEE001ABE7D /* swiftcalc */ = {
			isa = PBXNativeTarget;
			buildConfigurationList = 6A902BB71C84BDEF001ABE7D /* Build configuration list for PBXNativeTarget "swiftcalc" */;
			buildPhases = (
				6A902B8E1C84BDEE001ABE7D /* Sources */,
				6A902B8F1C84BDEE001ABE7D /* Frameworks */,
				6A902B901C84BDEE001ABE7D /* Resources */,
			);
			buildRules = (
			);
			dependencies = (
			);
			name = swiftcalc;
			productName = swiftcalc;
			productReference = 6A902B921C84BDEE001ABE7D /* swiftcalc.app */;
			productType = "com.apple.product-type.application";
		};
		6A902BA21C84BDEF001ABE7D /* swiftcalcTests */ = {
			isa = PBXNativeTarget;
			buildConfigurationList = 6A902BBA1C84BDEF001ABE7D /* Build configuration list for PBXNativeTarget "swiftcalcTests" */;
			buildPhases = (
				6A902B9F1C84BDEF001ABE7D /* Sources */,
				6A902BA01C84BDEF001ABE7D /* Frameworks */,
				6A902BA11C84BDEF001ABE7D /* Resources */,
			);
			buildRules = (
			);
			dependencies = (
				6A902BA51C84BDEF001ABE7D /* PBXTargetDependency */,
			);
			name = swiftcalcTests;
			productName = swiftcalcTests;
			productReference = 6A902BA31C84BDEF001ABE7D /* swiftcalcTests.xctest */;
			productType = "com.apple.product-type.bundle.unit-test";
		};
		6A902BAD1C84BDEF001ABE7D /* swiftcalcUITests */ = {
			isa = PBXNativeTarget;
			buildConfigurationList = 6A902BBD1C84BDEF001ABE7D /* Build configuration list for PBXNativeTarget "swiftcalcUITests" */;
			buildPhases = (
				6A902BAA1C84BDEF001ABE7D /* Sources */,
				6A902BAB1C84BDEF001ABE7D /* Frameworks */,
				6A902BAC1C84BDEF001ABE7D /* Resources */,
			);
			buildRules = (
			);
			dependencies = (
				6A902BB01C84BDEF001ABE7D /* PBXTargetDependency */,
			);
			name = swiftcalcUITests;
			productName = swiftcalcUITests;
			productReference = 6A902BAE1C84BDEF001ABE7D /* swiftcalcUITests.xctest */;
			productType = "com.apple.product-type.bundle.ui-testing";
		};
/* End PBXNativeTarget section */

/* Begin PBXProject section */
		6A902B8A1C84BDEE001ABE7D /* Project object */ = {
			isa = PBXProject;
			attributes = {
				LastSwiftUpdateCheck = 0720;
				LastUpgradeCheck = 0720;
				ORGANIZATIONNAME = "Christopher Galle";
				TargetAttributes = {
					6A902B911C84BDEE001ABE7D = {
						CreatedOnToolsVersion = 7.2.1;
					};
					6A902BA21C84BDEF001ABE7D = {
						CreatedOnToolsVersion = 7.2.1;
						TestTargetID = 6A902B911C84BDEE001ABE7D;
					};
					6A902BAD1C84BDEF001ABE7D = {
						CreatedOnToolsVersion = 7.2.1;
						TestTargetID = 6A902B911C84BDEE001ABE7D;
					};
				};
			};
			buildConfigurationList = 6A902B8D1C84BDEE001ABE7D /* Build configuration list for PBXProject "swiftcalc" */;
			compatibilityVersion = "Xcode 3.2";
			developmentRegion = English;
			hasScannedForEncodings = 0;
			knownRegions = (
				en,
				Base,
			);
			mainGroup = 6A902B891C84BDEE001ABE7D;
			productRefGroup = 6A902B931C84BDEE001ABE7D /* Products */;
			projectDirPath = "";
			projectRoot = "";
			targets = (
				6A902B911C84BDEE001ABE7D /* swiftcalc */,
				6A902BA21C84BDEF001ABE7D /* swiftcalcTests */,
				6A902BAD1C84BDEF001ABE7D /* swiftcalcUITests */,
			);
		};
/* End PBXProject section */

/* Begin PBXResourcesBuildPhase section */
		6A902B901C84BDEE001ABE7D /* Resources */ = {
			isa = PBXResourcesBuildPhase;
			buildActionMask = 2147483647;
			files = (
				6A902B9A1C84BDEE001ABE7D /* Assets.xcassets in Resources */,
				6A902B9D1C84BDEF001ABE7D /* Main.storyboard in Resources */,
			);
			runOnlyForDeploymentPostprocessing = 0;
		};
		6A902BA11C84BDEF001ABE7D /* Resources */ = {
			isa = PBXResourcesBuildPhase;
			buildActionMask = 2147483647;
			files = (
			);
			runOnlyForDeploymentPostprocessing = 0;
		};
		6A902BAC1C84BDEF001ABE7D /* Resources */ = {
			isa = PBXResourcesBuildPhase;
			buildActionMask = 2147483647;
			files = (
			);
			runOnlyForDeploymentPostprocessing = 0;
		};
/* End PBXResourcesBuildPhase section */

/* Begin PBXSourcesBuildPhase section */
		6A902B8E1C84BDEE001ABE7D /* Sources */ = {
			isa = PBXSourcesBuildPhase;
			buildActionMask = 2147483647;
			files = (
				6A902B981C84BDEE001ABE7D /* ViewController.swift in Sources */,
				6A902B961C84BDEE001ABE7D /* AppDelegate.swift in Sources */,
			);
			runOnlyForDeploymentPostprocessing = 0;
		};
		6A902B9F1C84BDEF001ABE7D /* Sources */ = {
			isa = PBXSourcesBuildPhase;
			buildActionMask = 2147483647;
			files = (
				6A902BA81C84BDEF001ABE7D /* swiftcalcTests.swift in Sources */,
			);
			runOnlyForDeploymentPostprocessing = 0;
		};
		6A902BAA1C84BDEF001ABE7D /* Sources */ = {
			isa = PBXSourcesBuildPhase;
			buildActionMask = 2147483647;
			files = (
				6A902BB31C84BDEF001ABE7D /* swiftcalcUITests.swift in Sources */,
			);
			runOnlyForDeploymentPostprocessing = 0;
		};
/* End PBXSourcesBuildPhase section */

/* Begin PBXTargetDependency section */
		6A902BA51C84BDEF001ABE7D /* PBXTargetDependency */ = {
			isa = PBXTargetDependency;
			target = 6A902B911C84BDEE001ABE7D /* swiftcalc */;
			targetProxy = 6A902BA41C84BDEF001ABE7D /* PBXContainerItemProxy */;
		};
		6A902BB01C84BDEF001ABE7D /* PBXTargetDependency */ = {
			isa = PBXTargetDependency;
			target = 6A902B911C84BDEE001ABE7D /* swiftcalc */;
			targetProxy = 6A902BAF1C84BDEF001ABE7D /* PBXContainerItemProxy */;
		};
/* End PBXTargetDependency section */

/* Begin PBXVariantGroup section */
		6A902B9B1C84BDEF001ABE7D /* Main.storyboard */ = {
			isa = PBXVariantGroup;
			children = (
				6A902B9C1C84BDEF001ABE7D /* Base */,
			);
			name = Main.storyboard;
			sourceTree = "<group>";
		};
/* End PBXVariantGroup section */

/* Begin XCBuildConfiguration section */
		6A902BB51C84BDEF001ABE7D /* Debug */ = {
			isa = XCBuildConfiguration;
			buildSettings = {
				ALWAYS_SEARCH_USER_PATHS = NO;
				CLANG_CXX_LANGUAGE_STANDARD = "gnu++0x";
				CLANG_CXX_LIBRARY = "libc++";
				CLANG_ENABLE_MODULES = YES;
				CLANG_ENABLE_OBJC_ARC = YES;
				CLANG_WARN_BOOL_CONVERSION = YES;
				CLANG_WARN_CONSTANT_CONVERSION = YES;
				CLANG_WARN_DIRECT_OBJC_ISA_USAGE = YES_ERROR;
				CLANG_WARN_EMPTY_BODY = YES;
				CLANG_WARN_ENUM_CONVERSION = YES;
				CLANG_WARN_INT_CONVERSION = YES;
				CLANG_WARN_OBJC_ROOT_CLASS = YES_ERROR;
				CLANG_WARN_UNREACHABLE_CODE = YES;
				CLANG_WARN__DUPLICATE_METHOD_MATCH = YES;
				CODE_SIGN_IDENTITY = "-";
				COPY_PHASE_STRIP = NO;
				DEBUG_INFORMATION_FORMAT = dwarf;
				ENABLE_STRICT_OBJC_MSGSEND = YES;
				ENABLE_TESTABILITY = YES;
				GCC_C_LANGUAGE_STANDARD = gnu99;
				GCC_DYNAMIC_NO_PIC = NO;
				GCC_NO_COMMON_BLOCKS = YES;
				GCC_OPTIMIZATION_LEVEL = 0;
				GCC_PREPROCESSOR_DEFINITIONS = (
					"DEBUG=1",
					"$(inherited)",
				);
				GCC_WARN_64_TO_32_BIT_CONVERSION = YES;
				GCC_WARN_ABOUT_RETURN_TYPE = YES_ERROR;
				GCC_WARN_UNDECLARED_SELECTOR = YES;
				GCC_WARN_UNINITIALIZED_AUTOS = YES_AGGRESSIVE;
				GCC_WARN_UNUSED_FUNCTION = YES;
				GCC_WARN_UNUSED_VARIABLE = YES;
				MACOSX_DEPLOYMENT_TARGET = 10.11;
				MTL_ENABLE_DEBUG_INFO = YES;
				ONLY_ACTIVE_ARCH = YES;
				SDKROOT = macosx;
				SWIFT_OPTIMIZATION_LEVEL = "-Onone";
			};
			name = Debug;
		};
		6A902BB61C84BDEF001ABE7D /* Release */ = {
			isa = XCBuildConfiguration;
			buildSettings = {
				ALWAYS_SEARCH_USER_PATHS = NO;
				CLANG_CXX_LANGUAGE_STANDARD = "gnu++0x";
				CLANG_CXX_LIBRARY = "libc++";
				CLANG_ENABLE_MODULES = YES;
				CLANG_ENABLE_OBJC_ARC = YES;
				CLANG_WARN_BOOL_CONVERSION = YES;
				CLANG_WARN_CONSTANT_CONVERSION = YES;
				CLANG_WARN_DIRECT_OBJC_ISA_USAGE = YES_ERROR;
				CLANG_WARN_EMPTY_BODY = YES;
				CLANG_WARN_ENUM_CONVERSION = YES;
				CLANG_WARN_INT_CONVERSION = YES;
				CLANG_WARN_OBJC_ROOT_CLASS = YES_ERROR;
				CLANG_WARN_UNREACHABLE_CODE = YES;
				CLANG_WARN__DUPLICATE_METHOD_MATCH = YES;
				CODE_SIGN_IDENTITY = "-";
				COPY_PHASE_STRIP = NO;
				DEBUG_INFORMATION_FORMAT = "dwarf-with-dsym";
				ENABLE_NS_ASSERTIONS = NO;
				ENABLE_STRICT_OBJC_MSGSEND = YES;
				GCC_C_LANGUAGE_STANDARD = gnu99;
				GCC_NO_COMMON_BLOCKS = YES;
				GCC_WARN_64_TO_32_BIT_CONVERSION = YES;
				GCC_WARN_ABOUT_RETURN_TYPE = YES_ERROR;
				GCC_WARN_UNDECLARED_SELECTOR = YES;
				GCC_WARN_UNINITIALIZED_AUTOS = YES_AGGRESSIVE;
				GCC_WARN_UNUSED_FUNCTION = YES;
				GCC_WARN_UNUSED_VARIABLE = YES;
				MACOSX_DEPLOYMENT_TARGET = 10.11;
				MTL_ENABLE_DEBUG_INFO = NO;
				SDKROOT = macosx;
			};
			name = Release;
		};
		6A902BB81C84BDEF001ABE7D /* Debug */ = {
			isa = XCBuildConfiguration;
			buildSettings = {
				ASSETCATALOG_COMPILER_APPICON_NAME = AppIcon;
				COMBINE_HIDPI_IMAGES = YES;
				INFOPLIST_FILE = swiftcalc/Info.plist;
				LD_RUNPATH_SEARCH_PATHS = "$(inherited) @executable_path/../Frameworks";
				PRODUCT_BUNDLE_IDENTIFIER = ProGraVis.swiftcalc;
				PRODUCT_NAME = "$(TARGET_NAME)";
			};
			name = Debug;
		};
		6A902BB91C84BDEF001ABE7D /* Release */ = {
			isa = XCBuildConfiguration;
			buildSettings = {
				ASSETCATALOG_COMPILER_APPICON_NAME = AppIcon;
				COMBINE_HIDPI_IMAGES = YES;
				INFOPLIST_FILE = swiftcalc/Info.plist;
				LD_RUNPATH_SEARCH_PATHS = "$(inherited) @executable_path/../Frameworks";
				PRODUCT_BUNDLE_IDENTIFIER = ProGraVis.swiftcalc;
				PRODUCT_NAME = "$(TARGET_NAME)";
			};
			name = Release;
		};
		6A902BBB1C84BDEF001ABE7D /* Debug */ = {
			isa = XCBuildConfiguration;
			buildSettings = {
				BUNDLE_LOADER = "$(TEST_HOST)";
				COMBINE_HIDPI_IMAGES = YES;
				INFOPLIST_FILE = swiftcalcTests/Info.plist;
				LD_RUNPATH_SEARCH_PATHS = "$(inherited) @executable_path/../Frameworks @loader_path/../Frameworks";
				PRODUCT_BUNDLE_IDENTIFIER = ProGraVis.swiftcalcTests;
				PRODUCT_NAME = "$(TARGET_NAME)";
				TEST_HOST = "$(BUILT_PRODUCTS_DIR)/swiftcalc.app/Contents/MacOS/swiftcalc";
			};
			name = Debug;
		};
		6A902BBC1C84BDEF001ABE7D /* Release */ = {
			isa = XCBuildConfiguration;
			buildSettings = {
				BUNDLE_LOADER = "$(TEST_HOST)";
				COMBINE_HIDPI_IMAGES = YES;
				INFOPLIST_FILE = swiftcalcTests/Info.plist;
				LD_RUNPATH_SEARCH_PATHS = "$(inherited) @executable_path/../Frameworks @loader_path/../Frameworks";
				PRODUCT_BUNDLE_IDENTIFIER = ProGraVis.swiftcalcTests;
				PRODUCT_NAME = "$(TARGET_NAME)";
				TEST_HOST = "$(BUILT_PRODUCTS_DIR)/swiftcalc.app/Contents/MacOS/swiftcalc";
			};
			name = Release;
		};
		6A902BBE1C84BDEF001ABE7D /* Debug */ = {
			isa = XCBuildConfiguration;
			buildSettings = {
				COMBINE_HIDPI_IMAGES = YES;
				INFOPLIST_FILE = swiftcalcUITests/Info.plist;
				LD_RUNPATH_SEARCH_PATHS = "$(inherited) @executable_path/../Frameworks @loader_path/../Frameworks";
				PRODUCT_BUNDLE_IDENTIFIER = ProGraVis.swiftcalcUITests;
				PRODUCT_NAME = "$(TARGET_NAME)";
				TEST_TARGET_NAME = swiftcalc;
				USES_XCTRUNNER = YES;
			};
			name = Debug;
		};
		6A902BBF1C84BDEF001ABE7D /* Release */ = {
			isa = XCBuildConfiguration;
			buildSettings = {
				COMBINE_HIDPI_IMAGES = YES;
				INFOPLIST_FILE = swiftcalcUITests/Info.plist;
				LD_RUNPATH_SEARCH_PATHS = "$(inherited) @executable_path/../Frameworks @loader_path/../Frameworks";
				PRODUCT_BUNDLE_IDENTIFIER = ProGraVis.swiftcalcUITests;
				PRODUCT_NAME = "$(TARGET_NAME)";
				TEST_TARGET_NAME = swiftcalc;
				USES_XCTRUNNER = YES;
			};
			name = Release;
		};
/* End XCBuildConfiguration section */

/* Begin XCConfigurationList section */
		6A902B8D1C84BDEE001ABE7D /* Build configuration list for PBXProject "swiftcalc" */ = {
			isa = XCConfigurationList;
			buildConfigurations = (
				6A902BB51C84BDEF001ABE7D /* Debug */,
				6A902BB61C84BDEF001ABE7D /* Release */,
			);
			defaultConfigurationIsVisible = 0;
			defaultConfigurationName = Release;
		};
		6A902BB71C84BDEF001ABE7D /* Build configuration list for PBXNativeTarget "swiftcalc" */ = {
			isa = XCConfigurationList;
			buildConfigurations = (
				6A902BB81C84BDEF001ABE7D /* Debug */,
				6A902BB91C84BDEF001ABE7D /* Release */,
			);
			defaultConfigurationIsVisible = 0;
		};
		6A902BBA1C84BDEF001ABE7D /* Build configuration list for PBXNativeTarget "swiftcalcTests" */ = {
			isa = XCConfigurationList;
			buildConfigurations = (
				6A902BBB1C84BDEF001ABE7D /* Debug */,
				6A902BBC1C84BDEF001ABE7D /* Release */,
			);
			defaultConfigurationIsVisible = 0;
		};
		6A902BBD1C84BDEF001ABE7D /* Build configuration list for PBXNativeTarget "swiftcalcUITests" */ = {
			isa = XCConfigurationList;
			buildConfigurations = (
				6A902BBE1C84BDEF001ABE7D /* Debug */,
				6A902BBF1C84BDEF001ABE7D /* Release */,
			);
			defaultConfigurationIsVisible = 0;
		};
/* End XCConfigurationList section */
	};
	rootObject = 6A902B8A1C84BDEE001ABE7D /* Project object */;
}
